
Microsoft Visual Studio Solution File, Format Version 12.00
# Visual Studio 15
VisualStudioVersion = 15.0.28307.136
MinimumVisualStudioVersion = 10.0.40219.1
Project("{FAE04EC0-301F-11D3-BF4B-00C04F79EFBC}") = "Pamtim", "Pamtim\Pamtim.csproj", "{F432894A-EFFD-4001-99B8-C387A00D403E}"
EndProject
Global
	GlobalSection(SolutionConfigurationPlatforms) = preSolution
		Debug|Any CPU = Debug|Any CPU
		Release|Any CPU = Release|Any CPU
	EndGlobalSection
	GlobalSection(ProjectConfigurationPlatforms) = postSolution
		{F432894A-EFFD-4001-99B8-C387A00D403E}.Debug|Any CPU.ActiveCfg = Debug|Any CPU
		{F432894A-EFFD-4001-99B8-C387A00D403E}.Debug|Any CPU.Build.0 = Debug|Any CPU
		{F432894A-EFFD-4001-99B8-C387A00D403E}.Release|Any CPU.ActiveCfg = Release|Any CPU
		{F432894A-EFFD-4001-99B8-C387A00D403E}.Release|Any CPU.Build.0 = Release|Any CPU
	EndGlobalSection
	GlobalSection(SolutionProperties) = preSolution
		HideSolutionNode = FALSE
	EndGlobalSection
	GlobalSection(ExtensibilityGlobals) = postSolution
		SolutionGuid = {40141298-8ED4-445F-AFE7-255B7D427DD6}
	EndGlobalSection
EndGlobal
